
Microsoft Visual Studio Solution File, Format Version 12.00
# Visual Studio Version 16
VisualStudioVersion = 16.0.29102.190
MinimumVisualStudioVersion = 15.0.26124.0
Project("{2150E333-8FDC-42A3-9474-1A3956D46DE8}") = "src", "src", "{25112750-8562-4F88-BEFD-A52338FFD340}"
EndProject
Project("{2150E333-8FDC-42A3-9474-1A3956D46DE8}") = "test", "test", "{4976C5BD-D36D-4DB8-A18B-8B59923F6BF2}"
EndProject
Project("{9A19103F-16F7-4668-BE54-9A1E7A4F7556}") = "HyperMsg.Transport.Socket", "src\HyperMsg.Transport.Socket\HyperMsg.Transport.Socket.csproj", "{38225F92-E5F8-4D43-8492-A88F40B8FBE8}"
EndProject
Project("{9A19103F-16F7-4668-BE54-9A1E7A4F7556}") = "HyperMsg.Transport.Socket.Tests", "test\HyperMsg.Transport.Socket.Tests\HyperMsg.Transport.Socket.Tests.csproj", "{FB999254-6871-4350-A4D2-9DF3B5001836}"
EndProject
Global
	GlobalSection(SolutionConfigurationPlatforms) = preSolution
		Debug|Any CPU = Debug|Any CPU
		Debug|x64 = Debug|x64
		Debug|x86 = Debug|x86
		Release|Any CPU = Release|Any CPU
		Release|x64 = Release|x64
		Release|x86 = Release|x86
	EndGlobalSection
	GlobalSection(ProjectConfigurationPlatforms) = postSolution
		{38225F92-E5F8-4D43-8492-A88F40B8FBE8}.Debug|Any CPU.ActiveCfg = Debug|Any CPU
		{38225F92-E5F8-4D43-8492-A88F40B8FBE8}.Debug|Any CPU.Build.0 = Debug|Any CPU
		{38225F92-E5F8-4D43-8492-A88F40B8FBE8}.Debug|x64.ActiveCfg = Debug|Any CPU
		{38225F92-E5F8-4D43-8492-A88F40B8FBE8}.Debug|x64.Build.0 = Debug|Any CPU
		{38225F92-E5F8-4D43-8492-A88F40B8FBE8}.Debug|x86.ActiveCfg = Debug|Any CPU
		{38225F92-E5F8-4D43-8492-A88F40B8FBE8}.Debug|x86.Build.0 = Debug|Any CPU
		{38225F92-E5F8-4D43-8492-A88F40B8FBE8}.Release|Any CPU.ActiveCfg = Release|Any CPU
		{38225F92-E5F8-4D43-8492-A88F40B8FBE8}.Release|Any CPU.Build.0 = Release|Any CPU
		{38225F92-E5F8-4D43-8492-A88F40B8FBE8}.Release|x64.ActiveCfg = Release|Any CPU
		{38225F92-E5F8-4D43-8492-A88F40B8FBE8}.Release|x64.Build.0 = Release|Any CPU
		{38225F92-E5F8-4D43-8492-A88F40B8FBE8}.Release|x86.ActiveCfg = Release|Any CPU
		{38225F92-E5F8-4D43-8492-A88F40B8FBE8}.Release|x86.Build.0 = Release|Any CPU
		{FB999254-6871-4350-A4D2-9DF3B5001836}.Debug|Any CPU.ActiveCfg = Debug|Any CPU
		{FB999254-6871-4350-A4D2-9DF3B5001836}.Debug|Any CPU.Build.0 = Debug|Any CPU
		{FB999254-6871-4350-A4D2-9DF3B5001836}.Debug|x64.ActiveCfg = Debug|Any CPU
		{FB999254-6871-4350-A4D2-9DF3B5001836}.Debug|x64.Build.0 = Debug|Any CPU
		{FB999254-6871-4350-A4D2-9DF3B5001836}.Debug|x86.ActiveCfg = Debug|Any CPU
		{FB999254-6871-4350-A4D2-9DF3B5001836}.Debug|x86.Build.0 = Debug|Any CPU
		{FB999254-6871-4350-A4D2-9DF3B5001836}.Release|Any CPU.ActiveCfg = Release|Any CPU
		{FB999254-6871-4350-A4D2-9DF3B5001836}.Release|Any CPU.Build.0 = Release|Any CPU
		{FB999254-6871-4350-A4D2-9DF3B5001836}.Release|x64.ActiveCfg = Release|Any CPU
		{FB999254-6871-4350-A4D2-9DF3B5001836}.Release|x64.Build.0 = Release|Any CPU
		{FB999254-6871-4350-A4D2-9DF3B5001836}.Release|x86.ActiveCfg = Release|Any CPU
		{FB999254-6871-4350-A4D2-9DF3B5001836}.Release|x86.Build.0 = Release|Any CPU
	EndGlobalSection
	GlobalSection(SolutionProperties) = preSolution
		HideSolutionNode = FALSE
	EndGlobalSection
	GlobalSection(NestedProjects) = preSolution
		{38225F92-E5F8-4D43-8492-A88F40B8FBE8} = {25112750-8562-4F88-BEFD-A52338FFD340}
		{FB999254-6871-4350-A4D2-9DF3B5001836} = {4976C5BD-D36D-4DB8-A18B-8B59923F6BF2}
	EndGlobalSection
	GlobalSection(ExtensibilityGlobals) = postSolution
		SolutionGuid = {DDB293CE-5267-400C-A33E-B8388747B03A}
	EndGlobalSection
EndGlobal
